
Microsoft Visual Studio Solution File, Format Version 12.00
# Visual Studio 2012
Project("{FAE04EC0-301F-11D3-BF4B-00C04F79EFBC}") = "InstrumentMonitor", "InstrumentMonitor\InstrumentMonitor.csproj", "{B0FEC14D-EE06-439A-899E-F8503E177D7F}"
EndProject
Project("{FAE04EC0-301F-11D3-BF4B-00C04F79EFBC}") = "InstrumentMonitor.Domain", "InstrumentMonitor.Domain\InstrumentMonitor.Domain.csproj", "{C1657E4B-3C17-4E32-B5B5-1A8DCB667421}"
EndProject
Project("{FAE04EC0-301F-11D3-BF4B-00C04F79EFBC}") = "InstrumentMonitor.Client", "InstrumentMonitor.Client\InstrumentMonitor.Client.csproj", "{6B250D99-BA08-4B96-B237-64F3F6E51598}"
EndProject
Global
	GlobalSection(SolutionConfigurationPlatforms) = preSolution
		Debug|Any CPU = Debug|Any CPU
		Release|Any CPU = Release|Any CPU
	EndGlobalSection
	GlobalSection(ProjectConfigurationPlatforms) = postSolution
		{B0FEC14D-EE06-439A-899E-F8503E177D7F}.Debug|Any CPU.ActiveCfg = Debug|Any CPU
		{B0FEC14D-EE06-439A-899E-F8503E177D7F}.Debug|Any CPU.Build.0 = Debug|Any CPU
		{B0FEC14D-EE06-439A-899E-F8503E177D7F}.Release|Any CPU.ActiveCfg = Release|Any CPU
		{B0FEC14D-EE06-439A-899E-F8503E177D7F}.Release|Any CPU.Build.0 = Release|Any CPU
		{C1657E4B-3C17-4E32-B5B5-1A8DCB667421}.Debug|Any CPU.ActiveCfg = Debug|Any CPU
		{C1657E4B-3C17-4E32-B5B5-1A8DCB667421}.Debug|Any CPU.Build.0 = Debug|Any CPU
		{C1657E4B-3C17-4E32-B5B5-1A8DCB667421}.Release|Any CPU.ActiveCfg = Release|Any CPU
		{C1657E4B-3C17-4E32-B5B5-1A8DCB667421}.Release|Any CPU.Build.0 = Release|Any CPU
		{6B250D99-BA08-4B96-B237-64F3F6E51598}.Debug|Any CPU.ActiveCfg = Debug|Any CPU
		{6B250D99-BA08-4B96-B237-64F3F6E51598}.Debug|Any CPU.Build.0 = Debug|Any CPU
		{6B250D99-BA08-4B96-B237-64F3F6E51598}.Release|Any CPU.ActiveCfg = Release|Any CPU
		{6B250D99-BA08-4B96-B237-64F3F6E51598}.Release|Any CPU.Build.0 = Release|Any CPU
	EndGlobalSection
	GlobalSection(SolutionProperties) = preSolution
		HideSolutionNode = FALSE
	EndGlobalSection
EndGlobal
